
Microsoft Visual Studio Solution File, Format Version 12.00
# Visual Studio Version 17
VisualStudioVersion = 17.2.32526.322
MinimumVisualStudioVersion = 10.0.40219.1
Project("{FAE04EC0-301F-11D3-BF4B-00C04F79EFBC}") = "Server", "TestServer\Server.csproj", "{11A3CF17-E364-42C1-A0F8-263DEAFD7794}"
EndProject
Global
	GlobalSection(SolutionConfigurationPlatforms) = preSolution
		Debug|Any CPU = Debug|Any CPU
		Release|Any CPU = Release|Any CPU
	EndGlobalSection
	GlobalSection(ProjectConfigurationPlatforms) = postSolution
		{11A3CF17-E364-42C1-A0F8-263DEAFD7794}.Debug|Any CPU.ActiveCfg = Debug|Any CPU
		{11A3CF17-E364-42C1-A0F8-263DEAFD7794}.Debug|Any CPU.Build.0 = Debug|Any CPU
		{11A3CF17-E364-42C1-A0F8-263DEAFD7794}.Release|Any CPU.ActiveCfg = Release|Any CPU
		{11A3CF17-E364-42C1-A0F8-263DEAFD7794}.Release|Any CPU.Build.0 = Release|Any CPU
	EndGlobalSection
	GlobalSection(SolutionProperties) = preSolution
		HideSolutionNode = FALSE
	EndGlobalSection
	GlobalSection(ExtensibilityGlobals) = postSolution
		SolutionGuid = {17984AA8-4367-4484-A7E4-AC7B2ADA573A}
	EndGlobalSection
EndGlobal
